{
  "nodes": {
    "home-manager": {
      "inputs": {
        "nixpkgs": [
          "nixpkgs"
        ]
      },
      "locked": {
        "lastModified": 1648834319,
        "narHash": "sha256-i5Aj4Aw64D/A0X6XW5LxSS4XBnYj7gMz+kN4dpsbdk8=",
        "owner": "nix-community",
        "repo": "home-manager",
        "rev": "0bdbdea2e26c984b096f4f7d10e3c88536a980b0",
        "type": "github"
      },
      "original": {
        "owner": "nix-community",
        "ref": "release-21.11",
        "repo": "home-manager",
        "type": "github"
      }
    },
    "nix-colors": {
      "locked": {
        "lastModified": 1644753863,
        "narHash": "sha256-Mc+EIc8p4x3wqAcR7JL2njgv5St9t0booUYvS9z5Jf8=",
        "owner": "misterio77",
        "repo": "nix-colors",
        "rev": "95a55cd97d7920211d5e2e8d154c65c36c92a50f",
        "type": "github"
      },
      "original": {
        "owner": "misterio77",
        "repo": "nix-colors",
        "type": "github"
      }
    },
    "nixpkgs": {
      "locked": {
        "lastModified": 1648830526,
        "narHash": "sha256-vXaBIvst+KvXSRAjYBDzX4vtQERL5R4fe0/7585Msqk=",
        "owner": "NixOS",
        "repo": "nixpkgs",
        "rev": "6f88260faaaa3cda8f4e478be72be6c0861c47ad",
        "type": "github"
      },
      "original": {
        "id": "nixpkgs",
        "ref": "nixos-21.11",
        "type": "indirect"
      }
    },
    "nixvim": {
      "inputs": {
        "nixpkgs": [
          "nixpkgs"
        ],
        "nmdSrc": "nmdSrc"
      },
      "locked": {
        "lastModified": 1642807323,
        "narHash": "sha256-S0/jSHA5OWWmdZ4zHNwlb9qOQwJho2wKM3E2AafA/40=",
        "owner": "pta2002",
        "repo": "nixvim",
        "rev": "f534819885f4cf8a878f4411a5e72e807f135acf",
        "type": "github"
      },
      "original": {
        "owner": "pta2002",
        "repo": "nixvim",
        "type": "github"
      }
    },
    "nmdSrc": {
      "flake": false,
      "locked": {
        "lastModified": 1637239786,
        "narHash": "sha256-l2KsnY537mz0blZdqALZKrWXn9PD39CpvotgPnxyIP4=",
        "owner": "rycee",
        "repo": "nmd",
        "rev": "527245ff605bde88c2dd2ddae21c6479bb7cf8aa",
        "type": "gitlab"
      },
      "original": {
        "owner": "rycee",
        "repo": "nmd",
        "type": "gitlab"
      }
    },
    "root": {
      "inputs": {
        "home-manager": "home-manager",
        "nix-colors": "nix-colors",
        "nixpkgs": "nixpkgs",
        "nixvim": "nixvim"
      }
    }
  },
  "root": "root",
  "version": 7
}
